
Microsoft Visual Studio Solution File, Format Version 12.00
# Visual Studio Version 17
VisualStudioVersion = 17.4.33110.190
MinimumVisualStudioVersion = 10.0.40219.1
Project("{FAE04EC0-301F-11D3-BF4B-00C04F79EFBC}") = "IT481M2_Part2_MCarter", "IT481M2_Part2_MCarter\IT481M2_Part2_MCarter.csproj", "{9166EE3B-C21A-444E-A2EE-F760774C7A4E}"
EndProject
Global
	GlobalSection(SolutionConfigurationPlatforms) = preSolution
		Debug|Any CPU = Debug|Any CPU
		Release|Any CPU = Release|Any CPU
	EndGlobalSection
	GlobalSection(ProjectConfigurationPlatforms) = postSolution
		{9166EE3B-C21A-444E-A2EE-F760774C7A4E}.Debug|Any CPU.ActiveCfg = Debug|Any CPU
		{9166EE3B-C21A-444E-A2EE-F760774C7A4E}.Debug|Any CPU.Build.0 = Debug|Any CPU
		{9166EE3B-C21A-444E-A2EE-F760774C7A4E}.Release|Any CPU.ActiveCfg = Release|Any CPU
		{9166EE3B-C21A-444E-A2EE-F760774C7A4E}.Release|Any CPU.Build.0 = Release|Any CPU
	EndGlobalSection
	GlobalSection(SolutionProperties) = preSolution
		HideSolutionNode = FALSE
	EndGlobalSection
	GlobalSection(ExtensibilityGlobals) = postSolution
		SolutionGuid = {C0FE6DEF-434A-4424-9739-26129912477E}
	EndGlobalSection
EndGlobal
